filippo.io/edwards25519 v1.1.0 h1:FNf4tywRC1HmFuKW5xopWpigGjJKiJSV0Cqo0cJWDaA=
filippo.io/edwards25519 v1.1.0/go.mod h1:BxyFTGdWcka3PhytdK4V28tE5sGfRvvvRV7EaN4VDT4=
git.yasdb.com/go/yasdb-go v1.3.1 h1:n/87iZLIHeLcaVFp7AFt0DuBUKfIwA4fCXDofyQAkJo=
git.yasdb.com/go/yasdb-go v1.3.1/go.mod h1:4inehVQ5E6pnVV52sxkmPrtsMX9VL/ioaggtcIKecRw=
git.yasdb.com/go/yasdb-go v1.3.2-0.20240815020218-b25c71191921 h1:bdHKlsRJj5q7nsxunepkdm8k5p9tMrpOXQZ1T9+zyJQ=
git.yasdb.com/go/yasdb-go v1.3.2-0.20240815020218-b25c71191921/go.mod h1:iYFBz5rtCQTi2eRGCc2Z1jDji+UcpbeDzWzYmhwC4Ug=
git.yasdb.com/go/yaserr v0.1.0 h1:SO5c/9XTKelsJmXsztUYnyufW48kczY9FrNn77tsnNQ=
git.yasdb.com/go/yaserr v0.1.0/go.mod h1:9l5zJhti85dvctdd490edFcP8hTqzehqtC2R5g5/uT8=
git.yasdb.com/go/yaslog v0.0.0-20230531092234-0b27ba7c86fe h1:dbtJeQ8gfmL91W183zXrYHypBUOSP7U9vA5M2msAwxM=
git.yasdb.com/go/yaslog v0.0.0-20230531092234-0b27ba7c86fe/go.mod h1:7/p80g19gsL3gTZxFnTFcyKbsqCU/pqSs7RDL05a3u8=
git.yasdb.com/go/yasutil v0.0.0-20240130072721-ad642d40494a h1:FhQs7ps4YBRFwbI1JHkJzfRFHQvfKlIXlrRDEMi865I=
git.yasdb.com/go/yasutil v0.0.0-20240130072721-ad642d40494a/go.mod h1:IxXLfIaeJIzt2b1leQE4FK7AouPBtmKYo9lUYI48Afw=
github.com/BurntSushi/toml v1.3.2 h1:o7IhLm0Msx3BaB+n3Ag7L8EVlByGnpq14C4YWiu/gL8=
github.com/BurntSushi/toml v1.3.2/go.mod h1:CxXYINrC8qIiEnFrOxCa7Jy5BFHlXnUU2pbicEuybxQ=
github.com/alecthomas/assert/v2 v2.6.0 h1:o3WJwILtexrEUk3cUVal3oiQY2tfgr/FHWiz/v2n4FU=
github.com/alecthomas/kong v0.9.0 h1:G5diXxc85KvoV2f0ZRVuMsi45IrBgx9zDNGNj165aPA=
github.com/alecthomas/kong v0.9.0/go.mod h1:Y47y5gKfHp1hDc7CH7OeXgLIpp+Q2m1Ni0L5s3bI8Os=
github.com/alecthomas/repr v0.4.0 h1:GhI2A8MACjfegCPVq9f1FLvIBS+DrQ2KQBFZP1iFzXc=
github.com/go-sql-driver/mysql v1.8.1 h1:LedoTUt/eveggdHS9qUFC1EFSa8bU2+1pZjSRpvNJ1Y=
github.com/go-sql-driver/mysql v1.8.1/go.mod h1:wEBSXgmK//2ZFJyE+qWnIsVGmvmEKlqwuVSjsCm7DZg=
github.com/hexops/gotextdiff v1.0.3 h1:gitA9+qJrrTCsiCl7+kh75nPqQt1cx4ZkudSTLoUqJM=
github.com/mattn/go-runewidth v0.0.9 h1:Lm995f3rfxdpd6TSmuVCHVb/QhupuXlYr8sCI/QdE+0=
github.com/mattn/go-runewidth v0.0.9/go.mod h1:H031xJmbD/WCDINGzjvQ9THkh0rPKHF+m2gUSrubnMI=
github.com/olekukonko/tablewriter v0.0.5 h1:P2Ga83D34wi1o9J6Wh1mRuqd4mF/x/lgBS7N7AbDhec=
github.com/olekukonko/tablewriter v0.0.5/go.mod h1:hPp6KlRPjbx+hW8ykQs1w3UBbZlj6HuIJcUGPhkA7kY=
